
Microsoft Visual Studio Solution File, Format Version 12.00
# Visual Studio Version 16
VisualStudioVersion = 16.0.30907.101
MinimumVisualStudioVersion = 10.0.40219.1
Project("{9A19103F-16F7-4668-BE54-9A1E7A4F7556}") = "KampIntro", "KampIntro\KampIntro.csproj", "{E9CCE116-A023-47EC-A1E1-3238E6086EB4}"
EndProject
Project("{9A19103F-16F7-4668-BE54-9A1E7A4F7556}") = "Metotlar", "Metotlar\Metotlar.csproj", "{34B21B2C-0772-441C-8CD6-B09BD8C712A7}"
EndProject
Project("{9A19103F-16F7-4668-BE54-9A1E7A4F7556}") = "Matematik", "Matematik\Matematik.csproj", "{E7CA3F65-429D-4792-80D3-B8D1F9F5AF49}"
EndProject
Project("{9A19103F-16F7-4668-BE54-9A1E7A4F7556}") = "DegerVeReferansTipler", "DegerVeReferansTipler\DegerVeReferansTipler.csproj", "{5FAB349F-90CD-4B1E-9FA3-1CD2249CB047}"
EndProject
Project("{9A19103F-16F7-4668-BE54-9A1E7A4F7556}") = "MyDictionary", "MyDictionary\MyDictionary.csproj", "{6C5FB93B-7EBA-4ADC-882A-B353CA83A8B1}"
EndProject
Project("{9A19103F-16F7-4668-BE54-9A1E7A4F7556}") = "Oop2", "Oop2\Oop2.csproj", "{62DFF77A-C9CA-4F3C-BF23-50B70476181D}"
EndProject
Project("{9A19103F-16F7-4668-BE54-9A1E7A4F7556}") = "Oop3", "Oop3\Oop3.csproj", "{B4E33138-A27D-4791-B8AA-864C8628B3A2}"
EndProject
Project("{FAE04EC0-301F-11D3-BF4B-00C04F79EFBC}") = "GameSimulation", "GameSimulation\GameSimulation.csproj", "{47F9381B-89DE-4DF6-BBA5-53D94FAD35E6}"
EndProject
Global
	GlobalSection(SolutionConfigurationPlatforms) = preSolution
		Debug|Any CPU = Debug|Any CPU
		Release|Any CPU = Release|Any CPU
	EndGlobalSection
	GlobalSection(ProjectConfigurationPlatforms) = postSolution
		{E9CCE116-A023-47EC-A1E1-3238E6086EB4}.Debug|Any CPU.ActiveCfg = Debug|Any CPU
		{E9CCE116-A023-47EC-A1E1-3238E6086EB4}.Debug|Any CPU.Build.0 = Debug|Any CPU
		{E9CCE116-A023-47EC-A1E1-3238E6086EB4}.Release|Any CPU.ActiveCfg = Release|Any CPU
		{E9CCE116-A023-47EC-A1E1-3238E6086EB4}.Release|Any CPU.Build.0 = Release|Any CPU
		{34B21B2C-0772-441C-8CD6-B09BD8C712A7}.Debug|Any CPU.ActiveCfg = Debug|Any CPU
		{34B21B2C-0772-441C-8CD6-B09BD8C712A7}.Debug|Any CPU.Build.0 = Debug|Any CPU
		{34B21B2C-0772-441C-8CD6-B09BD8C712A7}.Release|Any CPU.ActiveCfg = Release|Any CPU
		{34B21B2C-0772-441C-8CD6-B09BD8C712A7}.Release|Any CPU.Build.0 = Release|Any CPU
		{E7CA3F65-429D-4792-80D3-B8D1F9F5AF49}.Debug|Any CPU.ActiveCfg = Debug|Any CPU
		{E7CA3F65-429D-4792-80D3-B8D1F9F5AF49}.Debug|Any CPU.Build.0 = Debug|Any CPU
		{E7CA3F65-429D-4792-80D3-B8D1F9F5AF49}.Release|Any CPU.ActiveCfg = Release|Any CPU
		{E7CA3F65-429D-4792-80D3-B8D1F9F5AF49}.Release|Any CPU.Build.0 = Release|Any CPU
		{5FAB349F-90CD-4B1E-9FA3-1CD2249CB047}.Debug|Any CPU.ActiveCfg = Debug|Any CPU
		{5FAB349F-90CD-4B1E-9FA3-1CD2249CB047}.Debug|Any CPU.Build.0 = Debug|Any CPU
		{5FAB349F-90CD-4B1E-9FA3-1CD2249CB047}.Release|Any CPU.ActiveCfg = Release|Any CPU
		{5FAB349F-90CD-4B1E-9FA3-1CD2249CB047}.Release|Any CPU.Build.0 = Release|Any CPU
		{6C5FB93B-7EBA-4ADC-882A-B353CA83A8B1}.Debug|Any CPU.ActiveCfg = Debug|Any CPU
		{6C5FB93B-7EBA-4ADC-882A-B353CA83A8B1}.Debug|Any CPU.Build.0 = Debug|Any CPU
		{6C5FB93B-7EBA-4ADC-882A-B353CA83A8B1}.Release|Any CPU.ActiveCfg = Release|Any CPU
		{6C5FB93B-7EBA-4ADC-882A-B353CA83A8B1}.Release|Any CPU.Build.0 = Release|Any CPU
		{62DFF77A-C9CA-4F3C-BF23-50B70476181D}.Debug|Any CPU.ActiveCfg = Debug|Any CPU
		{62DFF77A-C9CA-4F3C-BF23-50B70476181D}.Debug|Any CPU.Build.0 = Debug|Any CPU
		{62DFF77A-C9CA-4F3C-BF23-50B70476181D}.Release|Any CPU.ActiveCfg = Release|Any CPU
		{62DFF77A-C9CA-4F3C-BF23-50B70476181D}.Release|Any CPU.Build.0 = Release|Any CPU
		{B4E33138-A27D-4791-B8AA-864C8628B3A2}.Debug|Any CPU.ActiveCfg = Debug|Any CPU
		{B4E33138-A27D-4791-B8AA-864C8628B3A2}.Debug|Any CPU.Build.0 = Debug|Any CPU
		{B4E33138-A27D-4791-B8AA-864C8628B3A2}.Release|Any CPU.ActiveCfg = Release|Any CPU
		{B4E33138-A27D-4791-B8AA-864C8628B3A2}.Release|Any CPU.Build.0 = Release|Any CPU
		{47F9381B-89DE-4DF6-BBA5-53D94FAD35E6}.Debug|Any CPU.ActiveCfg = Debug|Any CPU
		{47F9381B-89DE-4DF6-BBA5-53D94FAD35E6}.Debug|Any CPU.Build.0 = Debug|Any CPU
		{47F9381B-89DE-4DF6-BBA5-53D94FAD35E6}.Release|Any CPU.ActiveCfg = Release|Any CPU
		{47F9381B-89DE-4DF6-BBA5-53D94FAD35E6}.Release|Any CPU.Build.0 = Release|Any CPU
	EndGlobalSection
	GlobalSection(SolutionProperties) = preSolution
		HideSolutionNode = FALSE
	EndGlobalSection
	GlobalSection(ExtensibilityGlobals) = postSolution
		SolutionGuid = {662078D0-2E73-4BD1-86F8-47F7640DF36A}
	EndGlobalSection
EndGlobal
